
Microsoft Visual Studio Solution File, Format Version 12.00
# Visual Studio 15
VisualStudioVersion = 15.0.28010.2036
MinimumVisualStudioVersion = 10.0.40219.1
Project("{9A19103F-16F7-4668-BE54-9A1E7A4F7556}") = "NumericalAnalysis", "NumericalAnalysis\NumericalAnalysis.csproj", "{60E30C97-4EA1-49CC-AE97-DE179BBC75DB}"
EndProject
Project("{F2A71F9B-5D33-465A-A702-920D77279786}") = "NumericalAnalysisF", "NumericalAnalysisF\NumericalAnalysisF.fsproj", "{B0298A84-2261-4CB0-924F-4E1247224EC1}"
EndProject
Global
	GlobalSection(SolutionConfigurationPlatforms) = preSolution
		Debug|Any CPU = Debug|Any CPU
		Release|Any CPU = Release|Any CPU
	EndGlobalSection
	GlobalSection(ProjectConfigurationPlatforms) = postSolution
		{60E30C97-4EA1-49CC-AE97-DE179BBC75DB}.Debug|Any CPU.ActiveCfg = Debug|Any CPU
		{60E30C97-4EA1-49CC-AE97-DE179BBC75DB}.Debug|Any CPU.Build.0 = Debug|Any CPU
		{60E30C97-4EA1-49CC-AE97-DE179BBC75DB}.Release|Any CPU.ActiveCfg = Release|Any CPU
		{60E30C97-4EA1-49CC-AE97-DE179BBC75DB}.Release|Any CPU.Build.0 = Release|Any CPU
		{B0298A84-2261-4CB0-924F-4E1247224EC1}.Debug|Any CPU.ActiveCfg = Debug|Any CPU
		{B0298A84-2261-4CB0-924F-4E1247224EC1}.Debug|Any CPU.Build.0 = Debug|Any CPU
		{B0298A84-2261-4CB0-924F-4E1247224EC1}.Release|Any CPU.ActiveCfg = Release|Any CPU
		{B0298A84-2261-4CB0-924F-4E1247224EC1}.Release|Any CPU.Build.0 = Release|Any CPU
	EndGlobalSection
	GlobalSection(SolutionProperties) = preSolution
		HideSolutionNode = FALSE
	EndGlobalSection
	GlobalSection(ExtensibilityGlobals) = postSolution
		SolutionGuid = {336B2866-FE30-434C-909D-DDBB91C6A615}
	EndGlobalSection
EndGlobal
