
Microsoft Visual Studio Solution File, Format Version 12.00
# Visual Studio 15
VisualStudioVersion = 15.0.28010.2036
MinimumVisualStudioVersion = 10.0.40219.1
Project("{FAE04EC0-301F-11D3-BF4B-00C04F79EFBC}") = "NumericalAnalysis", "NumericalAnalysis\NumericalAnalysis.csproj", "{60E30C97-4EA1-49CC-AE97-DE179BBC75DB}"
EndProject
Global
	GlobalSection(SolutionConfigurationPlatforms) = preSolution
		Debug|Any CPU = Debug|Any CPU
		Release|Any CPU = Release|Any CPU
	EndGlobalSection
	GlobalSection(ProjectConfigurationPlatforms) = postSolution
		{60E30C97-4EA1-49CC-AE97-DE179BBC75DB}.Debug|Any CPU.ActiveCfg = Debug|Any CPU
		{60E30C97-4EA1-49CC-AE97-DE179BBC75DB}.Debug|Any CPU.Build.0 = Debug|Any CPU
		{60E30C97-4EA1-49CC-AE97-DE179BBC75DB}.Release|Any CPU.ActiveCfg = Release|Any CPU
		{60E30C97-4EA1-49CC-AE97-DE179BBC75DB}.Release|Any CPU.Build.0 = Release|Any CPU
	EndGlobalSection
	GlobalSection(SolutionProperties) = preSolution
		HideSolutionNode = FALSE
	EndGlobalSection
	GlobalSection(ExtensibilityGlobals) = postSolution
		SolutionGuid = {336B2866-FE30-434C-909D-DDBB91C6A615}
	EndGlobalSection
EndGlobal
